
Microsoft Visual Studio Solution File, Format Version 12.00
Project("{FAE04EC0-301F-11D3-BF4B-00C04F79EFBC}") = "NotificationService.Application", "NotificationService\NotificationService.Application\NotificationService.Application.csproj", "{A9C0C804-4F50-4B3D-AE14-7929A487B689}"
EndProject
Project("{FAE04EC0-301F-11D3-BF4B-00C04F79EFBC}") = "NotificationService.Infrastructure", "NotificationService\NotificationService.Infrastructure\NotificationService.Infrastructure.csproj", "{A8FEACA8-D4B8-470D-BB24-FAF2D08B3ADE}"
EndProject
Project("{FAE04EC0-301F-11D3-BF4B-00C04F79EFBC}") = "NotificationService.Application.Tests", "NotificationService\NotificationService.Application.Tests\NotificationService.Application.Tests.csproj", "{CA087FBC-1478-4E55-A9CD-627AAD688E6C}"
EndProject
Project("{FAE04EC0-301F-11D3-BF4B-00C04F79EFBC}") = "ExcelParser.Application", "ExcelParser\ExcelParser.Application\ExcelParser.Application.csproj", "{BBBD3963-88A7-41E6-B92F-976EAD595CD6}"
EndProject
Project("{FAE04EC0-301F-11D3-BF4B-00C04F79EFBC}") = "Shared.Domain", "Shared\Shared.Domain\Shared.Domain.csproj", "{12C08B06-332E-479F-9B01-397CCB235045}"
EndProject
Project("{FAE04EC0-301F-11D3-BF4B-00C04F79EFBC}") = "ExcelParser.Application.Tests", "ExcelParser\ExcelParser.Application.Tests\ExcelParser.Application.Tests.csproj", "{0B87ED0E-9250-4709-BDE7-0653BE295733}"
EndProject
Project("{FAE04EC0-301F-11D3-BF4B-00C04F79EFBC}") = "ExcelParser.Infrastructure", "ExcelParser\ExcelParser.Infrastructure\ExcelParser.Infrastructure.csproj", "{D0C574F5-86B8-4BB2-AFCC-E36388104DF8}"
EndProject
Project("{FAE04EC0-301F-11D3-BF4B-00C04F79EFBC}") = "CertificateGen.Application", "CertificateGen\CertificateGen.Application\CertificateGen.Application.csproj", "{CD8E89AE-E62F-4169-A6DF-DC9F2E9310F9}"
EndProject
Project("{FAE04EC0-301F-11D3-BF4B-00C04F79EFBC}") = "CertificateGen.Infrastructure", "CertificateGen\CertificateGen.Infrastructure\CertificateGen.Infrastructure.csproj", "{D29203B2-A1D9-4587-A55F-4E6E791099F0}"
EndProject
Project("{FAE04EC0-301F-11D3-BF4B-00C04F79EFBC}") = "CertificateGen.Application.Tests", "CertificateGen\CertificateGen.Application.Tests\CertificateGen.Application.Tests.csproj", "{AD910C95-F14F-4886-A985-8AB9A534F858}"
EndProject
Project("{FAE04EC0-301F-11D3-BF4B-00C04F79EFBC}") = "Shared.Application", "Shared\Shared.Application\Shared.Application.csproj", "{CB04BD28-436F-4B59-9F3B-3452840EFDDE}"
EndProject
Global
	GlobalSection(SolutionConfigurationPlatforms) = preSolution
		Debug|Any CPU = Debug|Any CPU
		Release|Any CPU = Release|Any CPU
	EndGlobalSection
	GlobalSection(ProjectConfigurationPlatforms) = postSolution
		{A9C0C804-4F50-4B3D-AE14-7929A487B689}.Debug|Any CPU.ActiveCfg = Debug|Any CPU
		{A9C0C804-4F50-4B3D-AE14-7929A487B689}.Debug|Any CPU.Build.0 = Debug|Any CPU
		{A9C0C804-4F50-4B3D-AE14-7929A487B689}.Release|Any CPU.ActiveCfg = Release|Any CPU
		{A9C0C804-4F50-4B3D-AE14-7929A487B689}.Release|Any CPU.Build.0 = Release|Any CPU
		{A8FEACA8-D4B8-470D-BB24-FAF2D08B3ADE}.Debug|Any CPU.ActiveCfg = Debug|Any CPU
		{A8FEACA8-D4B8-470D-BB24-FAF2D08B3ADE}.Debug|Any CPU.Build.0 = Debug|Any CPU
		{A8FEACA8-D4B8-470D-BB24-FAF2D08B3ADE}.Release|Any CPU.ActiveCfg = Release|Any CPU
		{A8FEACA8-D4B8-470D-BB24-FAF2D08B3ADE}.Release|Any CPU.Build.0 = Release|Any CPU
		{CA087FBC-1478-4E55-A9CD-627AAD688E6C}.Debug|Any CPU.ActiveCfg = Debug|Any CPU
		{CA087FBC-1478-4E55-A9CD-627AAD688E6C}.Debug|Any CPU.Build.0 = Debug|Any CPU
		{CA087FBC-1478-4E55-A9CD-627AAD688E6C}.Release|Any CPU.ActiveCfg = Release|Any CPU
		{CA087FBC-1478-4E55-A9CD-627AAD688E6C}.Release|Any CPU.Build.0 = Release|Any CPU
		{BBBD3963-88A7-41E6-B92F-976EAD595CD6}.Debug|Any CPU.ActiveCfg = Debug|Any CPU
		{BBBD3963-88A7-41E6-B92F-976EAD595CD6}.Debug|Any CPU.Build.0 = Debug|Any CPU
		{BBBD3963-88A7-41E6-B92F-976EAD595CD6}.Release|Any CPU.ActiveCfg = Release|Any CPU
		{BBBD3963-88A7-41E6-B92F-976EAD595CD6}.Release|Any CPU.Build.0 = Release|Any CPU
		{12C08B06-332E-479F-9B01-397CCB235045}.Debug|Any CPU.ActiveCfg = Debug|Any CPU
		{12C08B06-332E-479F-9B01-397CCB235045}.Debug|Any CPU.Build.0 = Debug|Any CPU
		{12C08B06-332E-479F-9B01-397CCB235045}.Release|Any CPU.ActiveCfg = Release|Any CPU
		{12C08B06-332E-479F-9B01-397CCB235045}.Release|Any CPU.Build.0 = Release|Any CPU
		{0B87ED0E-9250-4709-BDE7-0653BE295733}.Debug|Any CPU.ActiveCfg = Debug|Any CPU
		{0B87ED0E-9250-4709-BDE7-0653BE295733}.Debug|Any CPU.Build.0 = Debug|Any CPU
		{0B87ED0E-9250-4709-BDE7-0653BE295733}.Release|Any CPU.ActiveCfg = Release|Any CPU
		{0B87ED0E-9250-4709-BDE7-0653BE295733}.Release|Any CPU.Build.0 = Release|Any CPU
		{D0C574F5-86B8-4BB2-AFCC-E36388104DF8}.Debug|Any CPU.ActiveCfg = Debug|Any CPU
		{D0C574F5-86B8-4BB2-AFCC-E36388104DF8}.Debug|Any CPU.Build.0 = Debug|Any CPU
		{D0C574F5-86B8-4BB2-AFCC-E36388104DF8}.Release|Any CPU.ActiveCfg = Release|Any CPU
		{D0C574F5-86B8-4BB2-AFCC-E36388104DF8}.Release|Any CPU.Build.0 = Release|Any CPU
		{CD8E89AE-E62F-4169-A6DF-DC9F2E9310F9}.Debug|Any CPU.ActiveCfg = Debug|Any CPU
		{CD8E89AE-E62F-4169-A6DF-DC9F2E9310F9}.Debug|Any CPU.Build.0 = Debug|Any CPU
		{CD8E89AE-E62F-4169-A6DF-DC9F2E9310F9}.Release|Any CPU.ActiveCfg = Release|Any CPU
		{CD8E89AE-E62F-4169-A6DF-DC9F2E9310F9}.Release|Any CPU.Build.0 = Release|Any CPU
		{D29203B2-A1D9-4587-A55F-4E6E791099F0}.Debug|Any CPU.ActiveCfg = Debug|Any CPU
		{D29203B2-A1D9-4587-A55F-4E6E791099F0}.Debug|Any CPU.Build.0 = Debug|Any CPU
		{D29203B2-A1D9-4587-A55F-4E6E791099F0}.Release|Any CPU.ActiveCfg = Release|Any CPU
		{D29203B2-A1D9-4587-A55F-4E6E791099F0}.Release|Any CPU.Build.0 = Release|Any CPU
		{AD910C95-F14F-4886-A985-8AB9A534F858}.Debug|Any CPU.ActiveCfg = Debug|Any CPU
		{AD910C95-F14F-4886-A985-8AB9A534F858}.Debug|Any CPU.Build.0 = Debug|Any CPU
		{AD910C95-F14F-4886-A985-8AB9A534F858}.Release|Any CPU.ActiveCfg = Release|Any CPU
		{AD910C95-F14F-4886-A985-8AB9A534F858}.Release|Any CPU.Build.0 = Release|Any CPU
		{CB04BD28-436F-4B59-9F3B-3452840EFDDE}.Debug|Any CPU.ActiveCfg = Debug|Any CPU
		{CB04BD28-436F-4B59-9F3B-3452840EFDDE}.Debug|Any CPU.Build.0 = Debug|Any CPU
		{CB04BD28-436F-4B59-9F3B-3452840EFDDE}.Release|Any CPU.ActiveCfg = Release|Any CPU
		{CB04BD28-436F-4B59-9F3B-3452840EFDDE}.Release|Any CPU.Build.0 = Release|Any CPU
	EndGlobalSection
EndGlobal
